
Microsoft Visual Studio Solution File, Format Version 12.00
# Visual Studio Version 17
VisualStudioVersion = 17.5.002.0
MinimumVisualStudioVersion = 10.0.40219.1
Project("{9A19103F-16F7-4668-BE54-9A1E7A4F7556}") = "MetaApi", "MetaApi.csproj", "{4468C45D-FE8F-4602-A9B4-84A2F95D56B7}"
EndProject
Global
	GlobalSection(SolutionConfigurationPlatforms) = preSolution
		Debug|Any CPU = Debug|Any CPU
		Release|Any CPU = Release|Any CPU
	EndGlobalSection
	GlobalSection(ProjectConfigurationPlatforms) = postSolution
		{4468C45D-FE8F-4602-A9B4-84A2F95D56B7}.Debug|Any CPU.ActiveCfg = Debug|Any CPU
		{4468C45D-FE8F-4602-A9B4-84A2F95D56B7}.Debug|Any CPU.Build.0 = Debug|Any CPU
		{4468C45D-FE8F-4602-A9B4-84A2F95D56B7}.Release|Any CPU.ActiveCfg = Release|Any CPU
		{4468C45D-FE8F-4602-A9B4-84A2F95D56B7}.Release|Any CPU.Build.0 = Release|Any CPU
	EndGlobalSection
	GlobalSection(SolutionProperties) = preSolution
		HideSolutionNode = FALSE
	EndGlobalSection
	GlobalSection(ExtensibilityGlobals) = postSolution
		SolutionGuid = {E7F79E2A-16F3-4310-9950-8B4428626C97}
	EndGlobalSection
EndGlobal
